// !$*UTF8*$!
{
	archiveVersion = 1;
	classes = {
	};
	objectVersion = 56;
	objects = {

/* Begin PBXBuildFile section */
		1D27E9312C7A30ED0096D11C /* PathStore.swift in Sources */ = {isa = PBXBuildFile; fileRef = 1D27E9302C7A30ED0096D11C /* PathStore.swift */; };
		1D864F862C7A0B6F00CAA6CA /* Swift_NavigationApp.swift in Sources */ = {isa = PBXBuildFile; fileRef = 1D864F852C7A0B6F00CAA6CA /* Swift_NavigationApp.swift */; };
		1D864F882C7A0B6F00CAA6CA /* ContentView.swift in Sources */ = {isa = PBXBuildFile; fileRef = 1D864F872C7A0B6F00CAA6CA /* ContentView.swift */; };
		1D864F8A2C7A0B7000CAA6CA /* Assets.xcassets in Resources */ = {isa = PBXBuildFile; fileRef = 1D864F892C7A0B7000CAA6CA /* Assets.xcassets */; };
		1D864F8D2C7A0B7000CAA6CA /* Preview Assets.xcassets in Resources */ = {isa = PBXBuildFile; fileRef = 1D864F8C2C7A0B7000CAA6CA /* Preview Assets.xcassets */; };
		1D864F972C7A0B7000CAA6CA /* Swift_NavigationTests.swift in Sources */ = {isa = PBXBuildFile; fileRef = 1D864F962C7A0B7000CAA6CA /* Swift_NavigationTests.swift */; };
		1D864FA12C7A0B7000CAA6CA /* Swift_NavigationUITests.swift in Sources */ = {isa = PBXBuildFile; fileRef = 1D864FA02C7A0B7000CAA6CA /* Swift_NavigationUITests.swift */; };
		1D864FA32C7A0B7000CAA6CA /* Swift_NavigationUITestsLaunchTests.swift in Sources */ = {isa = PBXBuildFile; fileRef = 1D864FA22C7A0B7000CAA6CA /* Swift_NavigationUITestsLaunchTests.swift */; };
/* End PBXBuildFile section */

/* Begin PBXContainerItemProxy section */
		1D864F932C7A0B7000CAA6CA /* PBXContainerItemProxy */ = {
			isa = PBXContainerItemProxy;
			containerPortal = 1D864F7A2C7A0B6F00CAA6CA /* Project object */;
			proxyType = 1;
			remoteGlobalIDString = 1D864F812C7A0B6F00CAA6CA;
			remoteInfo = "Swift-Navigation";
		};
		1D864F9D2C7A0B7000CAA6CA /* PBXContainerItemProxy */ = {
			isa = PBXContainerItemProxy;
			containerPortal = 1D864F7A2C7A0B6F00CAA6CA /* Project object */;
			proxyType = 1;
			remoteGlobalIDString = 1D864F812C7A0B6F00CAA6CA;
			remoteInfo = "Swift-Navigation";
		};
/* End PBXContainerItemProxy section */

/* Begin PBXFileReference section */
		1D27E9302C7A30ED0096D11C /* PathStore.swift */ = {isa = PBXFileReference; lastKnownFileType = sourcecode.swift; path = PathStore.swift; sourceTree = "<group>"; };
		1D864F822C7A0B6F00CAA6CA /* Swift-Navigation.app */ = {isa = PBXFileReference; explicitFileType = wrapper.application; includeInIndex = 0; path = "Swift-Navigation.app"; sourceTree = BUILT_PRODUCTS_DIR; };
		1D864F852C7A0B6F00CAA6CA /* Swift_NavigationApp.swift */ = {isa = PBXFileReference; lastKnownFileType = sourcecode.swift; path = Swift_NavigationApp.swift; sourceTree = "<group>"; };
		1D864F872C7A0B6F00CAA6CA /* ContentView.swift */ = {isa = PBXFileReference; lastKnownFileType = sourcecode.swift; path = ContentView.swift; sourceTree = "<group>"; };
		1D864F892C7A0B7000CAA6CA /* Assets.xcassets */ = {isa = PBXFileReference; lastKnownFileType = folder.assetcatalog; path = Assets.xcassets; sourceTree = "<group>"; };
		1D864F8C2C7A0B7000CAA6CA /* Preview Assets.xcassets */ = {isa = PBXFileReference; lastKnownFileType = folder.assetcatalog; path = "Preview Assets.xcassets"; sourceTree = "<group>"; };
		1D864F922C7A0B7000CAA6CA /* Swift-NavigationTests.xctest */ = {isa = PBXFileReference; explicitFileType = wrapper.cfbundle; includeInIndex = 0; path = "Swift-NavigationTests.xctest"; sourceTree = BUILT_PRODUCTS_DIR; };
		1D864F962C7A0B7000CAA6CA /* Swift_NavigationTests.swift */ = {isa = PBXFileReference; lastKnownFileType = sourcecode.swift; path = Swift_NavigationTests.swift; sourceTree = "<group>"; };
		1D864F9C2C7A0B7000CAA6CA /* Swift-NavigationUITests.xctest */ = {isa = PBXFileReference; explicitFileType = wrapper.cfbundle; includeInIndex = 0; path = "Swift-NavigationUITests.xctest"; sourceTree = BUILT_PRODUCTS_DIR; };
		1D864FA02C7A0B7000CAA6CA /* Swift_NavigationUITests.swift */ = {isa = PBXFileReference; lastKnownFileType = sourcecode.swift; path = Swift_NavigationUITests.swift; sourceTree = "<group>"; };
		1D864FA22C7A0B7000CAA6CA /* Swift_NavigationUITestsLaunchTests.swift */ = {isa = PBXFileReference; lastKnownFileType = sourcecode.swift; path = Swift_NavigationUITestsLaunchTests.swift; sourceTree = "<group>"; };
/* End PBXFileReference section */

/* Begin PBXFrameworksBuildPhase section */
		1D864F7F2C7A0B6F00CAA6CA /* Frameworks */ = {
			isa = PBXFrameworksBuildPhase;
			buildActionMask = 2147483647;
			files = (
			);
			runOnlyForDeploymentPostprocessing = 0;
		};
		1D864F8F2C7A0B7000CAA6CA /* Frameworks */ = {
			isa = PBXFrameworksBuildPhase;
			buildActionMask = 2147483647;
			files = (
			);
			runOnlyForDeploymentPostprocessing = 0;
		};
		1D864F992C7A0B7000CAA6CA /* Frameworks */ = {
			isa = PBXFrameworksBuildPhase;
			buildActionMask = 2147483647;
			files = (
			);
			runOnlyForDeploymentPostprocessing = 0;
		};
/* End PBXFrameworksBuildPhase section */

/* Begin PBXGroup section */
		1D864F792C7A0B6F00CAA6CA = {
			isa = PBXGroup;
			children = (
				1D27E9302C7A30ED0096D11C /* PathStore.swift */,
				1D864F842C7A0B6F00CAA6CA /* Swift-Navigation */,
				1D864F952C7A0B7000CAA6CA /* Swift-NavigationTests */,
				1D864F9F2C7A0B7000CAA6CA /* Swift-NavigationUITests */,
				1D864F832C7A0B6F00CAA6CA /* Products */,
			);
			sourceTree = "<group>";
		};
		1D864F832C7A0B6F00CAA6CA /* Products */ = {
			isa = PBXGroup;
			children = (
				1D864F822C7A0B6F00CAA6CA /* Swift-Navigation.app */,
				1D864F922C7A0B7000CAA6CA /* Swift-NavigationTests.xctest */,
				1D864F9C2C7A0B7000CAA6CA /* Swift-NavigationUITests.xctest */,
			);
			name = Products;
			sourceTree = "<group>";
		};
		1D864F842C7A0B6F00CAA6CA /* Swift-Navigation */ = {
			isa = PBXGroup;
			children = (
				1D864F852C7A0B6F00CAA6CA /* Swift_NavigationApp.swift */,
				1D864F872C7A0B6F00CAA6CA /* ContentView.swift */,
				1D864F892C7A0B7000CAA6CA /* Assets.xcassets */,
				1D864F8B2C7A0B7000CAA6CA /* Preview Content */,
			);
			path = "Swift-Navigation";
			sourceTree = "<group>";
		};
		1D864F8B2C7A0B7000CAA6CA /* Preview Content */ = {
			isa = PBXGroup;
			children = (
				1D864F8C2C7A0B7000CAA6CA /* Preview Assets.xcassets */,
			);
			path = "Preview Content";
			sourceTree = "<group>";
		};
		1D864F952C7A0B7000CAA6CA /* Swift-NavigationTests */ = {
			isa = PBXGroup;
			children = (
				1D864F962C7A0B7000CAA6CA /* Swift_NavigationTests.swift */,
			);
			path = "Swift-NavigationTests";
			sourceTree = "<group>";
		};
		1D864F9F2C7A0B7000CAA6CA /* Swift-NavigationUITests */ = {
			isa = PBXGroup;
			children = (
				1D864FA02C7A0B7000CAA6CA /* Swift_NavigationUITests.swift */,
				1D864FA22C7A0B7000CAA6CA /* Swift_NavigationUITestsLaunchTests.swift */,
			);
			path = "Swift-NavigationUITests";
			sourceTree = "<group>";
		};
/* End PBXGroup section */

/* Begin PBXNativeTarget section */
		1D864F812C7A0B6F00CAA6CA /* Swift-Navigation */ = {
			isa = PBXNativeTarget;
			buildConfigurationList = 1D864FA62C7A0B7000CAA6CA /* Build configuration list for PBXNativeTarget "Swift-Navigation" */;
			buildPhases = (
				1D864F7E2C7A0B6F00CAA6CA /* Sources */,
				1D864F7F2C7A0B6F00CAA6CA /* Frameworks */,
				1D864F802C7A0B6F00CAA6CA /* Resources */,
			);
			buildRules = (
			);
			dependencies = (
			);
			name = "Swift-Navigation";
			productName = "Swift-Navigation";
			productReference = 1D864F822C7A0B6F00CAA6CA /* Swift-Navigation.app */;
			productType = "com.apple.product-type.application";
		};
		1D864F912C7A0B7000CAA6CA /* Swift-NavigationTests */ = {
			isa = PBXNativeTarget;
			buildConfigurationList = 1D864FA92C7A0B7000CAA6CA /* Build configuration list for PBXNativeTarget "Swift-NavigationTests" */;
			buildPhases = (
				1D864F8E2C7A0B7000CAA6CA /* Sources */,
				1D864F8F2C7A0B7000CAA6CA /* Frameworks */,
				1D864F902C7A0B7000CAA6CA /* Resources */,
			);
			buildRules = (
			);
			dependencies = (
				1D864F942C7A0B7000CAA6CA /* PBXTargetDependency */,
			);
			name = "Swift-NavigationTests";
			productName = "Swift-NavigationTests";
			productReference = 1D864F922C7A0B7000CAA6CA /* Swift-NavigationTests.xctest */;
			productType = "com.apple.product-type.bundle.unit-test";
		};
		1D864F9B2C7A0B7000CAA6CA /* Swift-NavigationUITests */ = {
			isa = PBXNativeTarget;
			buildConfigurationList = 1D864FAC2C7A0B7000CAA6CA /* Build configuration list for PBXNativeTarget "Swift-NavigationUITests" */;
			buildPhases = (
				1D864F982C7A0B7000CAA6CA /* Sources */,
				1D864F992C7A0B7000CAA6CA /* Frameworks */,
				1D864F9A2C7A0B7000CAA6CA /* Resources */,
			);
			buildRules = (
			);
			dependencies = (
				1D864F9E2C7A0B7000CAA6CA /* PBXTargetDependency */,
			);
			name = "Swift-NavigationUITests";
			productName = "Swift-NavigationUITests";
			productReference = 1D864F9C2C7A0B7000CAA6CA /* Swift-NavigationUITests.xctest */;
			productType = "com.apple.product-type.bundle.ui-testing";
		};
/* End PBXNativeTarget section */

/* Begin PBXProject section */
		1D864F7A2C7A0B6F00CAA6CA /* Project object */ = {
			isa = PBXProject;
			attributes = {
				BuildIndependentTargetsInParallel = 1;
				LastSwiftUpdateCheck = 1500;
				LastUpgradeCheck = 1500;
				TargetAttributes = {
					1D864F812C7A0B6F00CAA6CA = {
						CreatedOnToolsVersion = 15.0;
					};
					1D864F912C7A0B7000CAA6CA = {
						CreatedOnToolsVersion = 15.0;
						TestTargetID = 1D864F812C7A0B6F00CAA6CA;
					};
					1D864F9B2C7A0B7000CAA6CA = {
						CreatedOnToolsVersion = 15.0;
						TestTargetID = 1D864F812C7A0B6F00CAA6CA;
					};
				};
			};
			buildConfigurationList = 1D864F7D2C7A0B6F00CAA6CA /* Build configuration list for PBXProject "Swift-Navigation" */;
			compatibilityVersion = "Xcode 14.0";
			developmentRegion = en;
			hasScannedForEncodings = 0;
			knownRegions = (
				en,
				Base,
			);
			mainGroup = 1D864F792C7A0B6F00CAA6CA;
			productRefGroup = 1D864F832C7A0B6F00CAA6CA /* Products */;
			projectDirPath = "";
			projectRoot = "";
			targets = (
				1D864F812C7A0B6F00CAA6CA /* Swift-Navigation */,
				1D864F912C7A0B7000CAA6CA /* Swift-NavigationTests */,
				1D864F9B2C7A0B7000CAA6CA /* Swift-NavigationUITests */,
			);
		};
/* End PBXProject section */

/* Begin PBXResourcesBuildPhase section */
		1D864F802C7A0B6F00CAA6CA /* Resources */ = {
			isa = PBXResourcesBuildPhase;
			buildActionMask = 2147483647;
			files = (
				1D864F8D2C7A0B7000CAA6CA /* Preview Assets.xcassets in Resources */,
				1D864F8A2C7A0B7000CAA6CA /* Assets.xcassets in Resources */,
			);
			runOnlyForDeploymentPostprocessing = 0;
		};
		1D864F902C7A0B7000CAA6CA /* Resources */ = {
			isa = PBXResourcesBuildPhase;
			buildActionMask = 2147483647;
			files = (
			);
			runOnlyForDeploymentPostprocessing = 0;
		};
		1D864F9A2C7A0B7000CAA6CA /* Resources */ = {
			isa = PBXResourcesBuildPhase;
			buildActionMask = 2147483647;
			files = (
			);
			runOnlyForDeploymentPostprocessing = 0;
		};
/* End PBXResourcesBuildPhase section */

/* Begin PBXSourcesBuildPhase section */
		1D864F7E2C7A0B6F00CAA6CA /* Sources */ = {
			isa = PBXSourcesBuildPhase;
			buildActionMask = 2147483647;
			files = (
				1D27E9312C7A30ED0096D11C /* PathStore.swift in Sources */,
				1D864F882C7A0B6F00CAA6CA /* ContentView.swift in Sources */,
				1D864F862C7A0B6F00CAA6CA /* Swift_NavigationApp.swift in Sources */,
			);
			runOnlyForDeploymentPostprocessing = 0;
		};
		1D864F8E2C7A0B7000CAA6CA /* Sources */ = {
			isa = PBXSourcesBuildPhase;
			buildActionMask = 2147483647;
			files = (
				1D864F972C7A0B7000CAA6CA /* Swift_NavigationTests.swift in Sources */,
			);
			runOnlyForDeploymentPostprocessing = 0;
		};
		1D864F982C7A0B7000CAA6CA /* Sources */ = {
			isa = PBXSourcesBuildPhase;
			buildActionMask = 2147483647;
			files = (
				1D864FA32C7A0B7000CAA6CA /* Swift_NavigationUITestsLaunchTests.swift in Sources */,
				1D864FA12C7A0B7000CAA6CA /* Swift_NavigationUITests.swift in Sources */,
			);
			runOnlyForDeploymentPostprocessing = 0;
		};
/* End PBXSourcesBuildPhase section */

/* Begin PBXTargetDependency section */
		1D864F942C7A0B7000CAA6CA /* PBXTargetDependency */ = {
			isa = PBXTargetDependency;
			target = 1D864F812C7A0B6F00CAA6CA /* Swift-Navigation */;
			targetProxy = 1D864F932C7A0B7000CAA6CA /* PBXContainerItemProxy */;
		};
		1D864F9E2C7A0B7000CAA6CA /* PBXTargetDependency */ = {
			isa = PBXTargetDependency;
			target = 1D864F812C7A0B6F00CAA6CA /* Swift-Navigation */;
			targetProxy = 1D864F9D2C7A0B7000CAA6CA /* PBXContainerItemProxy */;
		};
/* End PBXTargetDependency section */

/* Begin XCBuildConfiguration section */
		1D864FA42C7A0B7000CAA6CA /* Debug */ = {
			isa = XCBuildConfiguration;
			buildSettings = {
				ALWAYS_SEARCH_USER_PATHS = NO;
				ASSETCATALOG_COMPILER_GENERATE_SWIFT_ASSET_SYMBOL_EXTENSIONS = YES;
				CLANG_ANALYZER_NONNULL = YES;
				CLANG_ANALYZER_NUMBER_OBJECT_CONVERSION = YES_AGGRESSIVE;
				CLANG_CXX_LANGUAGE_STANDARD = "gnu++20";
				CLANG_ENABLE_MODULES = YES;
				CLANG_ENABLE_OBJC_ARC = YES;
				CLANG_ENABLE_OBJC_WEAK = YES;
				CLANG_WARN_BLOCK_CAPTURE_AUTORELEASING = YES;
				CLANG_WARN_BOOL_CONVERSION = YES;
				CLANG_WARN_COMMA = YES;
				CLANG_WARN_CONSTANT_CONVERSION = YES;
				CLANG_WARN_DEPRECATED_OBJC_IMPLEMENTATIONS = YES;
				CLANG_WARN_DIRECT_OBJC_ISA_USAGE = YES_ERROR;
				CLANG_WARN_DOCUMENTATION_COMMENTS = YES;
				CLANG_WARN_EMPTY_BODY = YES;
				CLANG_WARN_ENUM_CONVERSION = YES;
				CLANG_WARN_INFINITE_RECURSION = YES;
				CLANG_WARN_INT_CONVERSION = YES;
				CLANG_WARN_NON_LITERAL_NULL_CONVERSION = YES;
				CLANG_WARN_OBJC_IMPLICIT_RETAIN_SELF = YES;
				CLANG_WARN_OBJC_LITERAL_CONVERSION = YES;
				CLANG_WARN_OBJC_ROOT_CLASS = YES_ERROR;
				CLANG_WARN_QUOTED_INCLUDE_IN_FRAMEWORK_HEADER = YES;
				CLANG_WARN_RANGE_LOOP_ANALYSIS = YES;
				CLANG_WARN_STRICT_PROTOTYPES = YES;
				CLANG_WARN_SUSPICIOUS_MOVE = YES;
				CLANG_WARN_UNGUARDED_AVAILABILITY = YES_AGGRESSIVE;
				CLANG_WARN_UNREACHABLE_CODE = YES;
				CLANG_WARN__DUPLICATE_METHOD_MATCH = YES;
				COPY_PHASE_STRIP = NO;
				DEBUG_INFORMATION_FORMAT = dwarf;
				ENABLE_STRICT_OBJC_MSGSEND = YES;
				ENABLE_TESTABILITY = YES;
				ENABLE_USER_SCRIPT_SANDBOXING = YES;
				GCC_C_LANGUAGE_STANDARD = gnu17;
				GCC_DYNAMIC_NO_PIC = NO;
				GCC_NO_COMMON_BLOCKS = YES;
				GCC_OPTIMIZATION_LEVEL = 0;
				GCC_PREPROCESSOR_DEFINITIONS = (
					"DEBUG=1",
					"$(inherited)",
				);
				GCC_WARN_64_TO_32_BIT_CONVERSION = YES;
				GCC_WARN_ABOUT_RETURN_TYPE = YES_ERROR;
				GCC_WARN_UNDECLARED_SELECTOR = YES;
				GCC_WARN_UNINITIALIZED_AUTOS = YES_AGGRESSIVE;
				GCC_WARN_UNUSED_FUNCTION = YES;
				GCC_WARN_UNUSED_VARIABLE = YES;
				IPHONEOS_DEPLOYMENT_TARGET = 17.0;
				LOCALIZATION_PREFERS_STRING_CATALOGS = YES;
				MTL_ENABLE_DEBUG_INFO = INCLUDE_SOURCE;
				MTL_FAST_MATH = YES;
				ONLY_ACTIVE_ARCH = YES;
				SDKROOT = iphoneos;
				SWIFT_ACTIVE_COMPILATION_CONDITIONS = "DEBUG $(inherited)";
				SWIFT_OPTIMIZATION_LEVEL = "-Onone";
			};
			name = Debug;
		};
		1D864FA52C7A0B7000CAA6CA /* Release */ = {
			isa = XCBuildConfiguration;
			buildSettings = {
				ALWAYS_SEARCH_USER_PATHS = NO;
				ASSETCATALOG_COMPILER_GENERATE_SWIFT_ASSET_SYMBOL_EXTENSIONS = YES;
				CLANG_ANALYZER_NONNULL = YES;
				CLANG_ANALYZER_NUMBER_OBJECT_CONVERSION = YES_AGGRESSIVE;
				CLANG_CXX_LANGUAGE_STANDARD = "gnu++20";
				CLANG_ENABLE_MODULES = YES;
				CLANG_ENABLE_OBJC_ARC = YES;
				CLANG_ENABLE_OBJC_WEAK = YES;
				CLANG_WARN_BLOCK_CAPTURE_AUTORELEASING = YES;
				CLANG_WARN_BOOL_CONVERSION = YES;
				CLANG_WARN_COMMA = YES;
				CLANG_WARN_CONSTANT_CONVERSION = YES;
				CLANG_WARN_DEPRECATED_OBJC_IMPLEMENTATIONS = YES;
				CLANG_WARN_DIRECT_OBJC_ISA_USAGE = YES_ERROR;
				CLANG_WARN_DOCUMENTATION_COMMENTS = YES;
				CLANG_WARN_EMPTY_BODY = YES;
				CLANG_WARN_ENUM_CONVERSION = YES;
				CLANG_WARN_INFINITE_RECURSION = YES;
				CLANG_WARN_INT_CONVERSION = YES;
				CLANG_WARN_NON_LITERAL_NULL_CONVERSION = YES;
				CLANG_WARN_OBJC_IMPLICIT_RETAIN_SELF = YES;
				CLANG_WARN_OBJC_LITERAL_CONVERSION = YES;
				CLANG_WARN_OBJC_ROOT_CLASS = YES_ERROR;
				CLANG_WARN_QUOTED_INCLUDE_IN_FRAMEWORK_HEADER = YES;
				CLANG_WARN_RANGE_LOOP_ANALYSIS = YES;
				CLANG_WARN_STRICT_PROTOTYPES = YES;
				CLANG_WARN_SUSPICIOUS_MOVE = YES;
				CLANG_WARN_UNGUARDED_AVAILABILITY = YES_AGGRESSIVE;
				CLANG_WARN_UNREACHABLE_CODE = YES;
				CLANG_WARN__DUPLICATE_METHOD_MATCH = YES;
				COPY_PHASE_STRIP = NO;
				DEBUG_INFORMATION_FORMAT = "dwarf-with-dsym";
				ENABLE_NS_ASSERTIONS = NO;
				ENABLE_STRICT_OBJC_MSGSEND = YES;
				ENABLE_USER_SCRIPT_SANDBOXING = YES;
				GCC_C_LANGUAGE_STANDARD = gnu17;
				GCC_NO_COMMON_BLOCKS = YES;
				GCC_WARN_64_TO_32_BIT_CONVERSION = YES;
				GCC_WARN_ABOUT_RETURN_TYPE = YES_ERROR;
				GCC_WARN_UNDECLARED_SELECTOR = YES;
				GCC_WARN_UNINITIALIZED_AUTOS = YES_AGGRESSIVE;
				GCC_WARN_UNUSED_FUNCTION = YES;
				GCC_WARN_UNUSED_VARIABLE = YES;
				IPHONEOS_DEPLOYMENT_TARGET = 17.0;
				LOCALIZATION_PREFERS_STRING_CATALOGS = YES;
				MTL_ENABLE_DEBUG_INFO = NO;
				MTL_FAST_MATH = YES;
				SDKROOT = iphoneos;
				SWIFT_COMPILATION_MODE = wholemodule;
				VALIDATE_PRODUCT = YES;
			};
			name = Release;
		};
		1D864FA72C7A0B7000CAA6CA /* Debug */ = {
			isa = XCBuildConfiguration;
			buildSettings = {
				ASSETCATALOG_COMPILER_APPICON_NAME = AppIcon;
				ASSETCATALOG_COMPILER_GLOBAL_ACCENT_COLOR_NAME = AccentColor;
				CODE_SIGN_STYLE = Automatic;
				CURRENT_PROJECT_VERSION = 1;
				DEVELOPMENT_ASSET_PATHS = "\"Swift-Navigation/Preview Content\"";
				ENABLE_PREVIEWS = YES;
				GENERATE_INFOPLIST_FILE = YES;
				INFOPLIST_KEY_UIApplicationSceneManifest_Generation = YES;
				INFOPLIST_KEY_UIApplicationSupportsIndirectInputEvents = YES;
				INFOPLIST_KEY_UILaunchScreen_Generation = YES;
				INFOPLIST_KEY_UISupportedInterfaceOrientations_iPad = "UIInterfaceOrientationPortrait UIInterfaceOrientationPortraitUpsideDown UIInterfaceOrientationLandscapeLeft UIInterfaceOrientationLandscapeRight";
				INFOPLIST_KEY_UISupportedInterfaceOrientations_iPhone = "UIInterfaceOrientationPortrait UIInterfaceOrientationLandscapeLeft UIInterfaceOrientationLandscapeRight";
				LD_RUNPATH_SEARCH_PATHS = (
					"$(inherited)",
					"@executable_path/Frameworks",
				);
				MARKETING_VERSION = 1.0;
				PRODUCT_BUNDLE_IDENTIFIER = "com.naveed.navigation.Swift-Navigation";
				PRODUCT_NAME = "$(TARGET_NAME)";
				SWIFT_EMIT_LOC_STRINGS = YES;
				SWIFT_VERSION = 5.0;
				TARGETED_DEVICE_FAMILY = "1,2";
			};
			name = Debug;
		};
		1D864FA82C7A0B7000CAA6CA /* Release */ = {
			isa = XCBuildConfiguration;
			buildSettings = {
				ASSETCATALOG_COMPILER_APPICON_NAME = AppIcon;
				ASSETCATALOG_COMPILER_GLOBAL_ACCENT_COLOR_NAME = AccentColor;
				CODE_SIGN_STYLE = Automatic;
				CURRENT_PROJECT_VERSION = 1;
				DEVELOPMENT_ASSET_PATHS = "\"Swift-Navigation/Preview Content\"";
				ENABLE_PREVIEWS = YES;
				GENERATE_INFOPLIST_FILE = YES;
				INFOPLIST_KEY_UIApplicationSceneManifest_Generation = YES;
				INFOPLIST_KEY_UIApplicationSupportsIndirectInputEvents = YES;
				INFOPLIST_KEY_UILaunchScreen_Generation = YES;
				INFOPLIST_KEY_UISupportedInterfaceOrientations_iPad = "UIInterfaceOrientationPortrait UIInterfaceOrientationPortraitUpsideDown UIInterfaceOrientationLandscapeLeft UIInterfaceOrientationLandscapeRight";
				INFOPLIST_KEY_UISupportedInterfaceOrientations_iPhone = "UIInterfaceOrientationPortrait UIInterfaceOrientationLandscapeLeft UIInterfaceOrientationLandscapeRight";
				LD_RUNPATH_SEARCH_PATHS = (
					"$(inherited)",
					"@executable_path/Frameworks",
				);
				MARKETING_VERSION = 1.0;
				PRODUCT_BUNDLE_IDENTIFIER = "com.naveed.navigation.Swift-Navigation";
				PRODUCT_NAME = "$(TARGET_NAME)";
				SWIFT_EMIT_LOC_STRINGS = YES;
				SWIFT_VERSION = 5.0;
				TARGETED_DEVICE_FAMILY = "1,2";
			};
			name = Release;
		};
		1D864FAA2C7A0B7000CAA6CA /* Debug */ = {
			isa = XCBuildConfiguration;
			buildSettings = {
				ALWAYS_EMBED_SWIFT_STANDARD_LIBRARIES = YES;
				BUNDLE_LOADER = "$(TEST_HOST)";
				CODE_SIGN_STYLE = Automatic;
				CURRENT_PROJECT_VERSION = 1;
				GENERATE_INFOPLIST_FILE = YES;
				IPHONEOS_DEPLOYMENT_TARGET = 17.0;
				MARKETING_VERSION = 1.0;
				PRODUCT_BUNDLE_IDENTIFIER = "com.naveed.navigation.Swift-NavigationTests";
				PRODUCT_NAME = "$(TARGET_NAME)";
				SWIFT_EMIT_LOC_STRINGS = NO;
				SWIFT_VERSION = 5.0;
				TARGETED_DEVICE_FAMILY = "1,2";
				TEST_HOST = "$(BUILT_PRODUCTS_DIR)/Swift-Navigation.app/$(BUNDLE_EXECUTABLE_FOLDER_PATH)/Swift-Navigation";
			};
			name = Debug;
		};
		1D864FAB2C7A0B7000CAA6CA /* Release */ = {
			isa = XCBuildConfiguration;
			buildSettings = {
				ALWAYS_EMBED_SWIFT_STANDARD_LIBRARIES = YES;
				BUNDLE_LOADER = "$(TEST_HOST)";
				CODE_SIGN_STYLE = Automatic;
				CURRENT_PROJECT_VERSION = 1;
				GENERATE_INFOPLIST_FILE = YES;
				IPHONEOS_DEPLOYMENT_TARGET = 17.0;
				MARKETING_VERSION = 1.0;
				PRODUCT_BUNDLE_IDENTIFIER = "com.naveed.navigation.Swift-NavigationTests";
				PRODUCT_NAME = "$(TARGET_NAME)";
				SWIFT_EMIT_LOC_STRINGS = NO;
				SWIFT_VERSION = 5.0;
				TARGETED_DEVICE_FAMILY = "1,2";
				TEST_HOST = "$(BUILT_PRODUCTS_DIR)/Swift-Navigation.app/$(BUNDLE_EXECUTABLE_FOLDER_PATH)/Swift-Navigation";
			};
			name = Release;
		};
		1D864FAD2C7A0B7000CAA6CA /* Debug */ = {
			isa = XCBuildConfiguration;
			buildSettings = {
				ALWAYS_EMBED_SWIFT_STANDARD_LIBRARIES = YES;
				CODE_SIGN_STYLE = Automatic;
				CURRENT_PROJECT_VERSION = 1;
				GENERATE_INFOPLIST_FILE = YES;
				MARKETING_VERSION = 1.0;
				PRODUCT_BUNDLE_IDENTIFIER = "com.naveed.navigation.Swift-NavigationUITests";
				PRODUCT_NAME = "$(TARGET_NAME)";
				SWIFT_EMIT_LOC_STRINGS = NO;
				SWIFT_VERSION = 5.0;
				TARGETED_DEVICE_FAMILY = "1,2";
				TEST_TARGET_NAME = "Swift-Navigation";
			};
			name = Debug;
		};
		1D864FAE2C7A0B7000CAA6CA /* Release */ = {
			isa = XCBuildConfiguration;
			buildSettings = {
				ALWAYS_EMBED_SWIFT_STANDARD_LIBRARIES = YES;
				CODE_SIGN_STYLE = Automatic;
				CURRENT_PROJECT_VERSION = 1;
				GENERATE_INFOPLIST_FILE = YES;
				MARKETING_VERSION = 1.0;
				PRODUCT_BUNDLE_IDENTIFIER = "com.naveed.navigation.Swift-NavigationUITests";
				PRODUCT_NAME = "$(TARGET_NAME)";
				SWIFT_EMIT_LOC_STRINGS = NO;
				SWIFT_VERSION = 5.0;
				TARGETED_DEVICE_FAMILY = "1,2";
				TEST_TARGET_NAME = "Swift-Navigation";
			};
			name = Release;
		};
/* End XCBuildConfiguration section */

/* Begin XCConfigurationList section */
		1D864F7D2C7A0B6F00CAA6CA /* Build configuration list for PBXProject "Swift-Navigation" */ = {
			isa = XCConfigurationList;
			buildConfigurations = (
				1D864FA42C7A0B7000CAA6CA /* Debug */,
				1D864FA52C7A0B7000CAA6CA /* Release */,
			);
			defaultConfigurationIsVisible = 0;
			defaultConfigurationName = Release;
		};
		1D864FA62C7A0B7000CAA6CA /* Build configuration list for PBXNativeTarget "Swift-Navigation" */ = {
			isa = XCConfigurationList;
			buildConfigurations = (
				1D864FA72C7A0B7000CAA6CA /* Debug */,
				1D864FA82C7A0B7000CAA6CA /* Release */,
			);
			defaultConfigurationIsVisible = 0;
			defaultConfigurationName = Release;
		};
		1D864FA92C7A0B7000CAA6CA /* Build configuration list for PBXNativeTarget "Swift-NavigationTests" */ = {
			isa = XCConfigurationList;
			buildConfigurations = (
				1D864FAA2C7A0B7000CAA6CA /* Debug */,
				1D864FAB2C7A0B7000CAA6CA /* Release */,
			);
			defaultConfigurationIsVisible = 0;
			defaultConfigurationName = Release;
		};
		1D864FAC2C7A0B7000CAA6CA /* Build configuration list for PBXNativeTarget "Swift-NavigationUITests" */ = {
			isa = XCConfigurationList;
			buildConfigurations = (
				1D864FAD2C7A0B7000CAA6CA /* Debug */,
				1D864FAE2C7A0B7000CAA6CA /* Release */,
			);
			defaultConfigurationIsVisible = 0;
			defaultConfigurationName = Release;
		};
/* End XCConfigurationList section */
	};
	rootObject = 1D864F7A2C7A0B6F00CAA6CA /* Project object */;
}
